
Microsoft Visual Studio Solution File, Format Version 12.00
# Visual Studio 2013
VisualStudioVersion = 12.0.31101.0
MinimumVisualStudioVersion = 10.0.40219.1
Project("{FAE04EC0-301F-11D3-BF4B-00C04F79EFBC}") = "MMFinanceManager.WebApi", "MMFinanceManager.WebApi\MMFinanceManager.WebApi.csproj", "{0ED478D4-F216-49E6-BF0C-9F113F57E545}"
EndProject
Project("{FAE04EC0-301F-11D3-BF4B-00C04F79EFBC}") = "MMFinanceManager.WebApi.Tests", "MMFinanceManager.WebApi.Tests\MMFinanceManager.WebApi.Tests.csproj", "{9FB899CB-0A1A-4E7B-84F2-850ECAE23C85}"
EndProject
Project("{FAE04EC0-301F-11D3-BF4B-00C04F79EFBC}") = "MMFinanceManager", "MMFinanceManager\MMFinanceManager.csproj", "{CB79E909-3F3B-4DA0-98D5-E4387A8230D9}"
EndProject
Project("{FAE04EC0-301F-11D3-BF4B-00C04F79EFBC}") = "MMFinanceManager.Tests", "MMFinanceManager.Tests\MMFinanceManager.Tests.csproj", "{3F35C6AF-9161-4104-8BC5-8EEB6DB476D4}"
EndProject
Project("{FAE04EC0-301F-11D3-BF4B-00C04F79EFBC}") = "MMFinanceManager.SPA", "MMFinanceManager.SPA\MMFinanceManager.SPA.csproj", "{86B873DB-5459-417C-985A-1C9F87AEDE96}"
EndProject
Project("{FAE04EC0-301F-11D3-BF4B-00C04F79EFBC}") = "MMFinanceManager.SPA.Tests", "MMFinanceManager.SPA.Tests\MMFinanceManager.SPA.Tests.csproj", "{E1FC7258-5934-454C-A3C2-1D00DAC8E74C}"
EndProject
Project("{FAE04EC0-301F-11D3-BF4B-00C04F79EFBC}") = "MMFinanceManager.WPF", "MMFinanceManager.WPF\MMFinanceManager.WPF.csproj", "{AD64A872-9F8C-4725-BF97-04E9C5B6F9D4}"
EndProject
Project("{FAE04EC0-301F-11D3-BF4B-00C04F79EFBC}") = "MMFinanceManager.Repository.GDataDB", "MMFinanceManager.Repository.GDataDB\MMFinanceManager.Repository.GDataDB.csproj", "{BB20EE14-F8A3-4F58-B205-9168DFC34FFE}"
EndProject
Project("{FAE04EC0-301F-11D3-BF4B-00C04F79EFBC}") = "MMFinanceManager.Repository.GDataDB.Tests", "MMFinanceManager.Repository.GDataDB.Tests\MMFinanceManager.Repository.GDataDB.Tests.csproj", "{0F60B120-D27B-45B3-9B8D-1C9FA65A5DEE}"
EndProject
Global
	GlobalSection(SolutionConfigurationPlatforms) = preSolution
		Debug|Any CPU = Debug|Any CPU
		Release|Any CPU = Release|Any CPU
	EndGlobalSection
	GlobalSection(ProjectConfigurationPlatforms) = postSolution
		{0ED478D4-F216-49E6-BF0C-9F113F57E545}.Debug|Any CPU.ActiveCfg = Debug|Any CPU
		{0ED478D4-F216-49E6-BF0C-9F113F57E545}.Debug|Any CPU.Build.0 = Debug|Any CPU
		{0ED478D4-F216-49E6-BF0C-9F113F57E545}.Release|Any CPU.ActiveCfg = Release|Any CPU
		{0ED478D4-F216-49E6-BF0C-9F113F57E545}.Release|Any CPU.Build.0 = Release|Any CPU
		{9FB899CB-0A1A-4E7B-84F2-850ECAE23C85}.Debug|Any CPU.ActiveCfg = Debug|Any CPU
		{9FB899CB-0A1A-4E7B-84F2-850ECAE23C85}.Debug|Any CPU.Build.0 = Debug|Any CPU
		{9FB899CB-0A1A-4E7B-84F2-850ECAE23C85}.Release|Any CPU.ActiveCfg = Release|Any CPU
		{9FB899CB-0A1A-4E7B-84F2-850ECAE23C85}.Release|Any CPU.Build.0 = Release|Any CPU
		{CB79E909-3F3B-4DA0-98D5-E4387A8230D9}.Debug|Any CPU.ActiveCfg = Debug|Any CPU
		{CB79E909-3F3B-4DA0-98D5-E4387A8230D9}.Debug|Any CPU.Build.0 = Debug|Any CPU
		{CB79E909-3F3B-4DA0-98D5-E4387A8230D9}.Release|Any CPU.ActiveCfg = Release|Any CPU
		{CB79E909-3F3B-4DA0-98D5-E4387A8230D9}.Release|Any CPU.Build.0 = Release|Any CPU
		{3F35C6AF-9161-4104-8BC5-8EEB6DB476D4}.Debug|Any CPU.ActiveCfg = Debug|Any CPU
		{3F35C6AF-9161-4104-8BC5-8EEB6DB476D4}.Debug|Any CPU.Build.0 = Debug|Any CPU
		{3F35C6AF-9161-4104-8BC5-8EEB6DB476D4}.Release|Any CPU.ActiveCfg = Release|Any CPU
		{3F35C6AF-9161-4104-8BC5-8EEB6DB476D4}.Release|Any CPU.Build.0 = Release|Any CPU
		{86B873DB-5459-417C-985A-1C9F87AEDE96}.Debug|Any CPU.ActiveCfg = Debug|Any CPU
		{86B873DB-5459-417C-985A-1C9F87AEDE96}.Debug|Any CPU.Build.0 = Debug|Any CPU
		{86B873DB-5459-417C-985A-1C9F87AEDE96}.Release|Any CPU.ActiveCfg = Release|Any CPU
		{86B873DB-5459-417C-985A-1C9F87AEDE96}.Release|Any CPU.Build.0 = Release|Any CPU
		{E1FC7258-5934-454C-A3C2-1D00DAC8E74C}.Debug|Any CPU.ActiveCfg = Debug|Any CPU
		{E1FC7258-5934-454C-A3C2-1D00DAC8E74C}.Debug|Any CPU.Build.0 = Debug|Any CPU
		{E1FC7258-5934-454C-A3C2-1D00DAC8E74C}.Release|Any CPU.ActiveCfg = Release|Any CPU
		{E1FC7258-5934-454C-A3C2-1D00DAC8E74C}.Release|Any CPU.Build.0 = Release|Any CPU
		{AD64A872-9F8C-4725-BF97-04E9C5B6F9D4}.Debug|Any CPU.ActiveCfg = Debug|Any CPU
		{AD64A872-9F8C-4725-BF97-04E9C5B6F9D4}.Debug|Any CPU.Build.0 = Debug|Any CPU
		{AD64A872-9F8C-4725-BF97-04E9C5B6F9D4}.Release|Any CPU.ActiveCfg = Release|Any CPU
		{AD64A872-9F8C-4725-BF97-04E9C5B6F9D4}.Release|Any CPU.Build.0 = Release|Any CPU
		{BB20EE14-F8A3-4F58-B205-9168DFC34FFE}.Debug|Any CPU.ActiveCfg = Debug|Any CPU
		{BB20EE14-F8A3-4F58-B205-9168DFC34FFE}.Debug|Any CPU.Build.0 = Debug|Any CPU
		{BB20EE14-F8A3-4F58-B205-9168DFC34FFE}.Release|Any CPU.ActiveCfg = Release|Any CPU
		{BB20EE14-F8A3-4F58-B205-9168DFC34FFE}.Release|Any CPU.Build.0 = Release|Any CPU
		{0F60B120-D27B-45B3-9B8D-1C9FA65A5DEE}.Debug|Any CPU.ActiveCfg = Debug|Any CPU
		{0F60B120-D27B-45B3-9B8D-1C9FA65A5DEE}.Debug|Any CPU.Build.0 = Debug|Any CPU
		{0F60B120-D27B-45B3-9B8D-1C9FA65A5DEE}.Release|Any CPU.ActiveCfg = Release|Any CPU
		{0F60B120-D27B-45B3-9B8D-1C9FA65A5DEE}.Release|Any CPU.Build.0 = Release|Any CPU
	EndGlobalSection
	GlobalSection(SolutionProperties) = preSolution
		HideSolutionNode = FALSE
	EndGlobalSection
EndGlobal
